
Microsoft Visual Studio Solution File, Format Version 12.00
# Visual Studio Version 17
VisualStudioVersion = 17.14.36414.22 d17.14
MinimumVisualStudioVersion = 10.0.40219.1
Project("{FAE04EC0-301F-11D3-BF4B-00C04F79EFBC}") = "NET-Logs", "NET-Logs\NET-Logs.csproj", "{98A331AA-BC38-461F-A3A1-57A6FAD17114}"
EndProject
Global
	GlobalSection(SolutionConfigurationPlatforms) = preSolution
		Debug|Any CPU = Debug|Any CPU
		Release|Any CPU = Release|Any CPU
	EndGlobalSection
	GlobalSection(ProjectConfigurationPlatforms) = postSolution
		{98A331AA-BC38-461F-A3A1-57A6FAD17114}.Debug|Any CPU.ActiveCfg = Debug|Any CPU
		{98A331AA-BC38-461F-A3A1-57A6FAD17114}.Debug|Any CPU.Build.0 = Debug|Any CPU
		{98A331AA-BC38-461F-A3A1-57A6FAD17114}.Release|Any CPU.ActiveCfg = Release|Any CPU
		{98A331AA-BC38-461F-A3A1-57A6FAD17114}.Release|Any CPU.Build.0 = Release|Any CPU
	EndGlobalSection
	GlobalSection(SolutionProperties) = preSolution
		HideSolutionNode = FALSE
	EndGlobalSection
	GlobalSection(ExtensibilityGlobals) = postSolution
		SolutionGuid = {1D2EB2FA-DD70-421F-863A-C836F6859C25}
	EndGlobalSection
EndGlobal
